// !$*UTF8*$!
{
	archiveVersion = 1;
	classes = {
	};
	objectVersion = 56;
	objects = {

/* Begin PBXBuildFile section */
		A956769D2A33F9AB00354959 /* Wave.metal in Sources */ = {isa = PBXBuildFile; fileRef = A956769C2A33F9AB00354959 /* Wave.metal */; };
		A95676A02A340B7900354959 /* Kaleidoscope.metal in Sources */ = {isa = PBXBuildFile; fileRef = A956769F2A340B7900354959 /* Kaleidoscope.metal */; };
		A95676A22A340E9700354959 /* VerticalStack.swift in Sources */ = {isa = PBXBuildFile; fileRef = A95676A12A340E9700354959 /* VerticalStack.swift */; };
		A95676A42A340EC100354959 /* HorizontalDeck.swift in Sources */ = {isa = PBXBuildFile; fileRef = A95676A32A340EC100354959 /* HorizontalDeck.swift */; };
		A963E8272A3281B9006E8B8B /* NewScroll.swift in Sources */ = {isa = PBXBuildFile; fileRef = A963E8262A3281B9006E8B8B /* NewScroll.swift */; };
		A963E8292A3281B9006E8B8B /* ContentView.swift in Sources */ = {isa = PBXBuildFile; fileRef = A963E8282A3281B9006E8B8B /* ContentView.swift */; };
		A963E82B2A3281BA006E8B8B /* Assets.xcassets in Resources */ = {isa = PBXBuildFile; fileRef = A963E82A2A3281BA006E8B8B /* Assets.xcassets */; };
		A963E82E2A3281BA006E8B8B /* Preview Assets.xcassets in Resources */ = {isa = PBXBuildFile; fileRef = A963E82D2A3281BA006E8B8B /* Preview Assets.xcassets */; };
		A98235AB2A36746E00AA1A0A /* Wave2D.metal in Sources */ = {isa = PBXBuildFile; fileRef = A98235AA2A36746E00AA1A0A /* Wave2D.metal */; };
		A98235AE2A36755500AA1A0A /* BottomCard.swift in Sources */ = {isa = PBXBuildFile; fileRef = A98235AD2A36755500AA1A0A /* BottomCard.swift */; };
		A98235B02A36756F00AA1A0A /* ShaderTest.swift in Sources */ = {isa = PBXBuildFile; fileRef = A98235AF2A36756F00AA1A0A /* ShaderTest.swift */; };
		A98235B22A367BF400AA1A0A /* MainCard.swift in Sources */ = {isa = PBXBuildFile; fileRef = A98235B12A367BF400AA1A0A /* MainCard.swift */; };
		A98235B62A367D1400AA1A0A /* GenericCardView.swift in Sources */ = {isa = PBXBuildFile; fileRef = A98235B52A367D1400AA1A0A /* GenericCardView.swift */; };
		A9C6DB142A32D38800F1602C /* Model.swift in Sources */ = {isa = PBXBuildFile; fileRef = A9C6DB132A32D38800F1602C /* Model.swift */; };
		A9C6DB162A32D39E00F1602C /* Utils.swift in Sources */ = {isa = PBXBuildFile; fileRef = A9C6DB152A32D39E00F1602C /* Utils.swift */; };
		A9C6DB182A32D3E300F1602C /* CardView.swift in Sources */ = {isa = PBXBuildFile; fileRef = A9C6DB172A32D3E300F1602C /* CardView.swift */; };
/* End PBXBuildFile section */

/* Begin PBXFileReference section */
		A956769C2A33F9AB00354959 /* Wave.metal */ = {isa = PBXFileReference; lastKnownFileType = sourcecode.metal; path = Wave.metal; sourceTree = "<group>"; };
		A956769F2A340B7900354959 /* Kaleidoscope.metal */ = {isa = PBXFileReference; lastKnownFileType = sourcecode.metal; path = Kaleidoscope.metal; sourceTree = "<group>"; };
		A95676A12A340E9700354959 /* VerticalStack.swift */ = {isa = PBXFileReference; lastKnownFileType = sourcecode.swift; path = VerticalStack.swift; sourceTree = "<group>"; };
		A95676A32A340EC100354959 /* HorizontalDeck.swift */ = {isa = PBXFileReference; lastKnownFileType = sourcecode.swift; path = HorizontalDeck.swift; sourceTree = "<group>"; };
		A963E8232A3281B9006E8B8B /* NewScroll.app */ = {isa = PBXFileReference; explicitFileType = wrapper.application; includeInIndex = 0; path = NewScroll.app; sourceTree = BUILT_PRODUCTS_DIR; };
		A963E8262A3281B9006E8B8B /* NewScroll.swift */ = {isa = PBXFileReference; lastKnownFileType = sourcecode.swift; path = NewScroll.swift; sourceTree = "<group>"; };
		A963E8282A3281B9006E8B8B /* ContentView.swift */ = {isa = PBXFileReference; lastKnownFileType = sourcecode.swift; path = ContentView.swift; sourceTree = "<group>"; };
		A963E82A2A3281BA006E8B8B /* Assets.xcassets */ = {isa = PBXFileReference; lastKnownFileType = folder.assetcatalog; path = Assets.xcassets; sourceTree = "<group>"; };
		A963E82D2A3281BA006E8B8B /* Preview Assets.xcassets */ = {isa = PBXFileReference; lastKnownFileType = folder.assetcatalog; path = "Preview Assets.xcassets"; sourceTree = "<group>"; };
		A98235AA2A36746E00AA1A0A /* Wave2D.metal */ = {isa = PBXFileReference; lastKnownFileType = sourcecode.metal; path = Wave2D.metal; sourceTree = "<group>"; };
		A98235AD2A36755500AA1A0A /* BottomCard.swift */ = {isa = PBXFileReference; lastKnownFileType = sourcecode.swift; path = BottomCard.swift; sourceTree = "<group>"; };
		A98235AF2A36756F00AA1A0A /* ShaderTest.swift */ = {isa = PBXFileReference; lastKnownFileType = sourcecode.swift; path = ShaderTest.swift; sourceTree = "<group>"; };
		A98235B12A367BF400AA1A0A /* MainCard.swift */ = {isa = PBXFileReference; lastKnownFileType = sourcecode.swift; path = MainCard.swift; sourceTree = "<group>"; };
		A98235B52A367D1400AA1A0A /* GenericCardView.swift */ = {isa = PBXFileReference; lastKnownFileType = sourcecode.swift; path = GenericCardView.swift; sourceTree = "<group>"; };
		A9C6DB132A32D38800F1602C /* Model.swift */ = {isa = PBXFileReference; lastKnownFileType = sourcecode.swift; path = Model.swift; sourceTree = "<group>"; };
		A9C6DB152A32D39E00F1602C /* Utils.swift */ = {isa = PBXFileReference; lastKnownFileType = sourcecode.swift; path = Utils.swift; sourceTree = "<group>"; };
		A9C6DB172A32D3E300F1602C /* CardView.swift */ = {isa = PBXFileReference; lastKnownFileType = sourcecode.swift; path = CardView.swift; sourceTree = "<group>"; };
/* End PBXFileReference section */

/* Begin PBXFrameworksBuildPhase section */
		A963E8202A3281B9006E8B8B /* Frameworks */ = {
			isa = PBXFrameworksBuildPhase;
			buildActionMask = 2147483647;
			files = (
			);
			runOnlyForDeploymentPostprocessing = 0;
		};
/* End PBXFrameworksBuildPhase section */

/* Begin PBXGroup section */
		A963E81A2A3281B9006E8B8B = {
			isa = PBXGroup;
			children = (
				A963E8252A3281B9006E8B8B /* NewScroll */,
				A963E8242A3281B9006E8B8B /* Products */,
			);
			sourceTree = "<group>";
		};
		A963E8242A3281B9006E8B8B /* Products */ = {
			isa = PBXGroup;
			children = (
				A963E8232A3281B9006E8B8B /* NewScroll.app */,
			);
			name = Products;
			sourceTree = "<group>";
		};
		A963E8252A3281B9006E8B8B /* NewScroll */ = {
			isa = PBXGroup;
			children = (
				A98235B32A367C2C00AA1A0A /* Containers */,
				A98235AC2A36754600AA1A0A /* Components */,
				A98235B42A367C4400AA1A0A /* Shaders */,
				A963E8262A3281B9006E8B8B /* NewScroll.swift */,
				A963E8282A3281B9006E8B8B /* ContentView.swift */,
				A9C6DB132A32D38800F1602C /* Model.swift */,
				A9C6DB152A32D39E00F1602C /* Utils.swift */,
				A963E82A2A3281BA006E8B8B /* Assets.xcassets */,
				A963E82C2A3281BA006E8B8B /* Preview Content */,
			);
			path = NewScroll;
			sourceTree = "<group>";
		};
		A963E82C2A3281BA006E8B8B /* Preview Content */ = {
			isa = PBXGroup;
			children = (
				A963E82D2A3281BA006E8B8B /* Preview Assets.xcassets */,
			);
			path = "Preview Content";
			sourceTree = "<group>";
		};
		A98235AC2A36754600AA1A0A /* Components */ = {
			isa = PBXGroup;
			children = (
				A9C6DB172A32D3E300F1602C /* CardView.swift */,
				A98235B52A367D1400AA1A0A /* GenericCardView.swift */,
				A98235B12A367BF400AA1A0A /* MainCard.swift */,
				A98235AD2A36755500AA1A0A /* BottomCard.swift */,
				A98235AF2A36756F00AA1A0A /* ShaderTest.swift */,
			);
			path = Components;
			sourceTree = "<group>";
		};
		A98235B32A367C2C00AA1A0A /* Containers */ = {
			isa = PBXGroup;
			children = (
				A95676A12A340E9700354959 /* VerticalStack.swift */,
				A95676A32A340EC100354959 /* HorizontalDeck.swift */,
			);
			path = Containers;
			sourceTree = "<group>";
		};
		A98235B42A367C4400AA1A0A /* Shaders */ = {
			isa = PBXGroup;
			children = (
				A956769C2A33F9AB00354959 /* Wave.metal */,
				A98235AA2A36746E00AA1A0A /* Wave2D.metal */,
				A956769F2A340B7900354959 /* Kaleidoscope.metal */,
			);
			path = Shaders;
			sourceTree = "<group>";
		};
/* End PBXGroup section */

/* Begin PBXNativeTarget section */
		A963E8222A3281B9006E8B8B /* NewScroll */ = {
			isa = PBXNativeTarget;
			buildConfigurationList = A963E8312A3281BA006E8B8B /* Build configuration list for PBXNativeTarget "NewScroll" */;
			buildPhases = (
				A963E81F2A3281B9006E8B8B /* Sources */,
				A963E8202A3281B9006E8B8B /* Frameworks */,
				A963E8212A3281B9006E8B8B /* Resources */,
			);
			buildRules = (
			);
			dependencies = (
			);
			name = NewScroll;
			productName = "orthogonal-scroll-layouts";
			productReference = A963E8232A3281B9006E8B8B /* NewScroll.app */;
			productType = "com.apple.product-type.application";
		};
/* End PBXNativeTarget section */

/* Begin PBXProject section */
		A963E81B2A3281B9006E8B8B /* Project object */ = {
			isa = PBXProject;
			attributes = {
				BuildIndependentTargetsInParallel = 1;
				LastSwiftUpdateCheck = 1500;
				LastUpgradeCheck = 1500;
				TargetAttributes = {
					A963E8222A3281B9006E8B8B = {
						CreatedOnToolsVersion = 15.0;
					};
				};
			};
			buildConfigurationList = A963E81E2A3281B9006E8B8B /* Build configuration list for PBXProject "NewScroll" */;
			compatibilityVersion = "Xcode 14.0";
			developmentRegion = en;
			hasScannedForEncodings = 0;
			knownRegions = (
				en,
				Base,
			);
			mainGroup = A963E81A2A3281B9006E8B8B;
			productRefGroup = A963E8242A3281B9006E8B8B /* Products */;
			projectDirPath = "";
			projectRoot = "";
			targets = (
				A963E8222A3281B9006E8B8B /* NewScroll */,
			);
		};
/* End PBXProject section */

/* Begin PBXResourcesBuildPhase section */
		A963E8212A3281B9006E8B8B /* Resources */ = {
			isa = PBXResourcesBuildPhase;
			buildActionMask = 2147483647;
			files = (
				A963E82E2A3281BA006E8B8B /* Preview Assets.xcassets in Resources */,
				A963E82B2A3281BA006E8B8B /* Assets.xcassets in Resources */,
			);
			runOnlyForDeploymentPostprocessing = 0;
		};
/* End PBXResourcesBuildPhase section */

/* Begin PBXSourcesBuildPhase section */
		A963E81F2A3281B9006E8B8B /* Sources */ = {
			isa = PBXSourcesBuildPhase;
			buildActionMask = 2147483647;
			files = (
				A9C6DB142A32D38800F1602C /* Model.swift in Sources */,
				A98235B22A367BF400AA1A0A /* MainCard.swift in Sources */,
				A963E8292A3281B9006E8B8B /* ContentView.swift in Sources */,
				A98235B02A36756F00AA1A0A /* ShaderTest.swift in Sources */,
				A95676A02A340B7900354959 /* Kaleidoscope.metal in Sources */,
				A963E8272A3281B9006E8B8B /* NewScroll.swift in Sources */,
				A98235B62A367D1400AA1A0A /* GenericCardView.swift in Sources */,
				A9C6DB162A32D39E00F1602C /* Utils.swift in Sources */,
				A956769D2A33F9AB00354959 /* Wave.metal in Sources */,
				A95676A42A340EC100354959 /* HorizontalDeck.swift in Sources */,
				A95676A22A340E9700354959 /* VerticalStack.swift in Sources */,
				A98235AB2A36746E00AA1A0A /* Wave2D.metal in Sources */,
				A98235AE2A36755500AA1A0A /* BottomCard.swift in Sources */,
				A9C6DB182A32D3E300F1602C /* CardView.swift in Sources */,
			);
			runOnlyForDeploymentPostprocessing = 0;
		};
/* End PBXSourcesBuildPhase section */

/* Begin XCBuildConfiguration section */
		A963E82F2A3281BA006E8B8B /* Debug */ = {
			isa = XCBuildConfiguration;
			buildSettings = {
				ALWAYS_SEARCH_USER_PATHS = NO;
				ASSETCATALOG_COMPILER_GENERATE_SWIFT_ASSET_SYMBOL_EXTENSIONS = YES;
				CLANG_ANALYZER_NONNULL = YES;
				CLANG_ANALYZER_NUMBER_OBJECT_CONVERSION = YES_AGGRESSIVE;
				CLANG_CXX_LANGUAGE_STANDARD = "gnu++20";
				CLANG_ENABLE_MODULES = YES;
				CLANG_ENABLE_OBJC_ARC = YES;
				CLANG_ENABLE_OBJC_WEAK = YES;
				CLANG_WARN_BLOCK_CAPTURE_AUTORELEASING = YES;
				CLANG_WARN_BOOL_CONVERSION = YES;
				CLANG_WARN_COMMA = YES;
				CLANG_WARN_CONSTANT_CONVERSION = YES;
				CLANG_WARN_DEPRECATED_OBJC_IMPLEMENTATIONS = YES;
				CLANG_WARN_DIRECT_OBJC_ISA_USAGE = YES_ERROR;
				CLANG_WARN_DOCUMENTATION_COMMENTS = YES;
				CLANG_WARN_EMPTY_BODY = YES;
				CLANG_WARN_ENUM_CONVERSION = YES;
				CLANG_WARN_INFINITE_RECURSION = YES;
				CLANG_WARN_INT_CONVERSION = YES;
				CLANG_WARN_NON_LITERAL_NULL_CONVERSION = YES;
				CLANG_WARN_OBJC_IMPLICIT_RETAIN_SELF = YES;
				CLANG_WARN_OBJC_LITERAL_CONVERSION = YES;
				CLANG_WARN_OBJC_ROOT_CLASS = YES_ERROR;
				CLANG_WARN_QUOTED_INCLUDE_IN_FRAMEWORK_HEADER = YES;
				CLANG_WARN_RANGE_LOOP_ANALYSIS = YES;
				CLANG_WARN_STRICT_PROTOTYPES = YES;
				CLANG_WARN_SUSPICIOUS_MOVE = YES;
				CLANG_WARN_UNGUARDED_AVAILABILITY = YES_AGGRESSIVE;
				CLANG_WARN_UNREACHABLE_CODE = YES;
				CLANG_WARN__DUPLICATE_METHOD_MATCH = YES;
				COPY_PHASE_STRIP = NO;
				DEBUG_INFORMATION_FORMAT = dwarf;
				ENABLE_STRICT_OBJC_MSGSEND = YES;
				ENABLE_TESTABILITY = YES;
				ENABLE_USER_SCRIPT_SANDBOXING = YES;
				GCC_C_LANGUAGE_STANDARD = gnu17;
				GCC_DYNAMIC_NO_PIC = NO;
				GCC_NO_COMMON_BLOCKS = YES;
				GCC_OPTIMIZATION_LEVEL = 0;
				GCC_PREPROCESSOR_DEFINITIONS = (
					"DEBUG=1",
					"$(inherited)",
				);
				GCC_WARN_64_TO_32_BIT_CONVERSION = YES;
				GCC_WARN_ABOUT_RETURN_TYPE = YES_ERROR;
				GCC_WARN_UNDECLARED_SELECTOR = YES;
				GCC_WARN_UNINITIALIZED_AUTOS = YES_AGGRESSIVE;
				GCC_WARN_UNUSED_FUNCTION = YES;
				GCC_WARN_UNUSED_VARIABLE = YES;
				IPHONEOS_DEPLOYMENT_TARGET = 17.0;
				LOCALIZATION_PREFERS_STRING_CATALOGS = YES;
				MTL_ENABLE_DEBUG_INFO = INCLUDE_SOURCE;
				MTL_FAST_MATH = YES;
				ONLY_ACTIVE_ARCH = YES;
				SDKROOT = iphoneos;
				SWIFT_ACTIVE_COMPILATION_CONDITIONS = "DEBUG $(inherited)";
				SWIFT_OPTIMIZATION_LEVEL = "-Onone";
			};
			name = Debug;
		};
		A963E8302A3281BA006E8B8B /* Release */ = {
			isa = XCBuildConfiguration;
			buildSettings = {
				ALWAYS_SEARCH_USER_PATHS = NO;
				ASSETCATALOG_COMPILER_GENERATE_SWIFT_ASSET_SYMBOL_EXTENSIONS = YES;
				CLANG_ANALYZER_NONNULL = YES;
				CLANG_ANALYZER_NUMBER_OBJECT_CONVERSION = YES_AGGRESSIVE;
				CLANG_CXX_LANGUAGE_STANDARD = "gnu++20";
				CLANG_ENABLE_MODULES = YES;
				CLANG_ENABLE_OBJC_ARC = YES;
				CLANG_ENABLE_OBJC_WEAK = YES;
				CLANG_WARN_BLOCK_CAPTURE_AUTORELEASING = YES;
				CLANG_WARN_BOOL_CONVERSION = YES;
				CLANG_WARN_COMMA = YES;
				CLANG_WARN_CONSTANT_CONVERSION = YES;
				CLANG_WARN_DEPRECATED_OBJC_IMPLEMENTATIONS = YES;
				CLANG_WARN_DIRECT_OBJC_ISA_USAGE = YES_ERROR;
				CLANG_WARN_DOCUMENTATION_COMMENTS = YES;
				CLANG_WARN_EMPTY_BODY = YES;
				CLANG_WARN_ENUM_CONVERSION = YES;
				CLANG_WARN_INFINITE_RECURSION = YES;
				CLANG_WARN_INT_CONVERSION = YES;
				CLANG_WARN_NON_LITERAL_NULL_CONVERSION = YES;
				CLANG_WARN_OBJC_IMPLICIT_RETAIN_SELF = YES;
				CLANG_WARN_OBJC_LITERAL_CONVERSION = YES;
				CLANG_WARN_OBJC_ROOT_CLASS = YES_ERROR;
				CLANG_WARN_QUOTED_INCLUDE_IN_FRAMEWORK_HEADER = YES;
				CLANG_WARN_RANGE_LOOP_ANALYSIS = YES;
				CLANG_WARN_STRICT_PROTOTYPES = YES;
				CLANG_WARN_SUSPICIOUS_MOVE = YES;
				CLANG_WARN_UNGUARDED_AVAILABILITY = YES_AGGRESSIVE;
				CLANG_WARN_UNREACHABLE_CODE = YES;
				CLANG_WARN__DUPLICATE_METHOD_MATCH = YES;
				COPY_PHASE_STRIP = NO;
				DEBUG_INFORMATION_FORMAT = "dwarf-with-dsym";
				ENABLE_NS_ASSERTIONS = NO;
				ENABLE_STRICT_OBJC_MSGSEND = YES;
				ENABLE_USER_SCRIPT_SANDBOXING = YES;
				GCC_C_LANGUAGE_STANDARD = gnu17;
				GCC_NO_COMMON_BLOCKS = YES;
				GCC_WARN_64_TO_32_BIT_CONVERSION = YES;
				GCC_WARN_ABOUT_RETURN_TYPE = YES_ERROR;
				GCC_WARN_UNDECLARED_SELECTOR = YES;
				GCC_WARN_UNINITIALIZED_AUTOS = YES_AGGRESSIVE;
				GCC_WARN_UNUSED_FUNCTION = YES;
				GCC_WARN_UNUSED_VARIABLE = YES;
				IPHONEOS_DEPLOYMENT_TARGET = 17.0;
				LOCALIZATION_PREFERS_STRING_CATALOGS = YES;
				MTL_ENABLE_DEBUG_INFO = NO;
				MTL_FAST_MATH = YES;
				SDKROOT = iphoneos;
				SWIFT_COMPILATION_MODE = wholemodule;
				VALIDATE_PRODUCT = YES;
			};
			name = Release;
		};
		A963E8322A3281BA006E8B8B /* Debug */ = {
			isa = XCBuildConfiguration;
			buildSettings = {
				ASSETCATALOG_COMPILER_APPICON_NAME = AppIcon;
				ASSETCATALOG_COMPILER_GLOBAL_ACCENT_COLOR_NAME = AccentColor;
				CODE_SIGN_STYLE = Automatic;
				CURRENT_PROJECT_VERSION = 1;
				DEVELOPMENT_ASSET_PATHS = "\"NewScroll/Preview Content\"";
				DEVELOPMENT_TEAM = "";
				ENABLE_PREVIEWS = YES;
				GENERATE_INFOPLIST_FILE = YES;
				INFOPLIST_KEY_UIApplicationSceneManifest_Generation = YES;
				INFOPLIST_KEY_UIApplicationSupportsIndirectInputEvents = YES;
				INFOPLIST_KEY_UILaunchScreen_Generation = YES;
				INFOPLIST_KEY_UIStatusBarHidden = YES;
				INFOPLIST_KEY_UISupportedInterfaceOrientations = "UIInterfaceOrientationLandscapeLeft UIInterfaceOrientationLandscapeRight UIInterfaceOrientationPortrait";
				INFOPLIST_KEY_UISupportedInterfaceOrientations_iPad = "UIInterfaceOrientationLandscapeLeft UIInterfaceOrientationLandscapeRight UIInterfaceOrientationPortrait UIInterfaceOrientationPortraitUpsideDown";
				LD_RUNPATH_SEARCH_PATHS = (
					"$(inherited)",
					"@executable_path/Frameworks",
				);
				MARKETING_VERSION = 1.0;
				PRODUCT_BUNDLE_IDENTIFIER = "eleev.astemir.new-scroll";
				PRODUCT_NAME = "$(TARGET_NAME)";
				SUPPORTED_PLATFORMS = "iphoneos iphonesimulator";
				SUPPORTS_MACCATALYST = NO;
				SUPPORTS_MAC_DESIGNED_FOR_IPHONE_IPAD = NO;
				SWIFT_EMIT_LOC_STRINGS = YES;
				SWIFT_VERSION = 5.0;
				TARGETED_DEVICE_FAMILY = 1;
			};
			name = Debug;
		};
		A963E8332A3281BA006E8B8B /* Release */ = {
			isa = XCBuildConfiguration;
			buildSettings = {
				ASSETCATALOG_COMPILER_APPICON_NAME = AppIcon;
				ASSETCATALOG_COMPILER_GLOBAL_ACCENT_COLOR_NAME = AccentColor;
				CODE_SIGN_STYLE = Automatic;
				CURRENT_PROJECT_VERSION = 1;
				DEVELOPMENT_ASSET_PATHS = "\"NewScroll/Preview Content\"";
				DEVELOPMENT_TEAM = "";
				ENABLE_PREVIEWS = YES;
				GENERATE_INFOPLIST_FILE = YES;
				INFOPLIST_KEY_UIApplicationSceneManifest_Generation = YES;
				INFOPLIST_KEY_UIApplicationSupportsIndirectInputEvents = YES;
				INFOPLIST_KEY_UILaunchScreen_Generation = YES;
				INFOPLIST_KEY_UIStatusBarHidden = YES;
				INFOPLIST_KEY_UISupportedInterfaceOrientations = "UIInterfaceOrientationLandscapeLeft UIInterfaceOrientationLandscapeRight UIInterfaceOrientationPortrait";
				INFOPLIST_KEY_UISupportedInterfaceOrientations_iPad = "UIInterfaceOrientationLandscapeLeft UIInterfaceOrientationLandscapeRight UIInterfaceOrientationPortrait UIInterfaceOrientationPortraitUpsideDown";
				LD_RUNPATH_SEARCH_PATHS = (
					"$(inherited)",
					"@executable_path/Frameworks",
				);
				MARKETING_VERSION = 1.0;
				PRODUCT_BUNDLE_IDENTIFIER = "eleev.astemir.new-scroll";
				PRODUCT_NAME = "$(TARGET_NAME)";
				SUPPORTED_PLATFORMS = "iphoneos iphonesimulator";
				SUPPORTS_MACCATALYST = NO;
				SUPPORTS_MAC_DESIGNED_FOR_IPHONE_IPAD = NO;
				SWIFT_EMIT_LOC_STRINGS = YES;
				SWIFT_VERSION = 5.0;
				TARGETED_DEVICE_FAMILY = 1;
			};
			name = Release;
		};
/* End XCBuildConfiguration section */

/* Begin XCConfigurationList section */
		A963E81E2A3281B9006E8B8B /* Build configuration list for PBXProject "NewScroll" */ = {
			isa = XCConfigurationList;
			buildConfigurations = (
				A963E82F2A3281BA006E8B8B /* Debug */,
				A963E8302A3281BA006E8B8B /* Release */,
			);
			defaultConfigurationIsVisible = 0;
			defaultConfigurationName = Release;
		};
		A963E8312A3281BA006E8B8B /* Build configuration list for PBXNativeTarget "NewScroll" */ = {
			isa = XCConfigurationList;
			buildConfigurations = (
				A963E8322A3281BA006E8B8B /* Debug */,
				A963E8332A3281BA006E8B8B /* Release */,
			);
			defaultConfigurationIsVisible = 0;
			defaultConfigurationName = Release;
		};
/* End XCConfigurationList section */
	};
	rootObject = A963E81B2A3281B9006E8B8B /* Project object */;
}
